
Microsoft Visual Studio Solution File, Format Version 12.00
# Visual Studio Version 18
VisualStudioVersion = 18.3.11505.172 d18.3
MinimumVisualStudioVersion = 10.0.40219.1
Project("{FAE04EC0-301F-11D3-BF4B-00C04F79EFBC}") = "AuraRadiance", "AuraRadiance.csproj", "{287CA863-FAE9-DB65-8A2B-831859439D3A}"
EndProject
Global
	GlobalSection(SolutionConfigurationPlatforms) = preSolution
		Debug|Any CPU = Debug|Any CPU
		Release|Any CPU = Release|Any CPU
	EndGlobalSection
	GlobalSection(ProjectConfigurationPlatforms) = postSolution
		{287CA863-FAE9-DB65-8A2B-831859439D3A}.Debug|Any CPU.ActiveCfg = Debug|Any CPU
		{287CA863-FAE9-DB65-8A2B-831859439D3A}.Debug|Any CPU.Build.0 = Debug|Any CPU
		{287CA863-FAE9-DB65-8A2B-831859439D3A}.Release|Any CPU.ActiveCfg = Release|Any CPU
		{287CA863-FAE9-DB65-8A2B-831859439D3A}.Release|Any CPU.Build.0 = Release|Any CPU
	EndGlobalSection
	GlobalSection(SolutionProperties) = preSolution
		HideSolutionNode = FALSE
	EndGlobalSection
	GlobalSection(ExtensibilityGlobals) = postSolution
		SolutionGuid = {73871E4F-9641-45C4-8987-424124B229E7}
	EndGlobalSection
EndGlobal
